# This file is autogenerated, do not edit; changes may be undone by the next 'dep ensure'.


[[projects]]
  branch = "master"
  digest = "1:fcb0de0dfbff6314fa0eb3672942d86054a713922b7c1bb0a690f59e6fe1ae3c"
  name = "github.com/pkg/term"
  packages = ["termios"]
  pruneopts = "UT"
  revision = "aa71e9d9e942418fbb97d80895dcea70efed297c"

[[projects]]
  branch = "master"
  digest = "1:824b4d14e35e35e821d3127319e51eb838f72434100750ad395db96d00b5a871"
  name = "golang.org/x/sys"
  packages = ["unix"]
  pruneopts = "UT"
  revision = "c1f44814a5cd81a6d1cb589ef1e528bc5d305e07"

[solve-meta]
  analyzer-name = "dep"
  analyzer-version = 1
  input-imports = ["github.com/pkg/term/termios"]
  solver-name = "gps-cdcl"
  solver-version = 1
